// !$*UTF8*$!
{
	archiveVersion = 1;
	classes = {
	};
	objectVersion = 77;
	objects = {

/* Begin PBXContainerItemProxy section */
		AB9F2FB22CAC582A008127F3 /* PBXContainerItemProxy */ = {
			isa = PBXContainerItemProxy;
			containerPortal = AB9F2F902CAC5828008127F3 /* Project object */;
			proxyType = 1;
			remoteGlobalIDString = AB9F2F972CAC5828008127F3;
			remoteInfo = GestureRecogNotes;
		};
		AB9F2FBC2CAC582A008127F3 /* PBXContainerItemProxy */ = {
			isa = PBXContainerItemProxy;
			containerPortal = AB9F2F902CAC5828008127F3 /* Project object */;
			proxyType = 1;
			remoteGlobalIDString = AB9F2F972CAC5828008127F3;
			remoteInfo = GestureRecogNotes;
		};
/* End PBXContainerItemProxy section */

/* Begin PBXFileReference section */
		AB9F2F982CAC5828008127F3 /* GestureRecogNotes.app */ = {isa = PBXFileReference; explicitFileType = wrapper.application; includeInIndex = 0; path = GestureRecogNotes.app; sourceTree = BUILT_PRODUCTS_DIR; };
		AB9F2FB12CAC582A008127F3 /* GestureRecogNotesTests.xctest */ = {isa = PBXFileReference; explicitFileType = wrapper.cfbundle; includeInIndex = 0; path = GestureRecogNotesTests.xctest; sourceTree = BUILT_PRODUCTS_DIR; };
		AB9F2FBB2CAC582A008127F3 /* GestureRecogNotesUITests.xctest */ = {isa = PBXFileReference; explicitFileType = wrapper.cfbundle; includeInIndex = 0; path = GestureRecogNotesUITests.xctest; sourceTree = BUILT_PRODUCTS_DIR; };
/* End PBXFileReference section */

/* Begin PBXFileSystemSynchronizedBuildFileExceptionSet section */
		AB9F2FC32CAC582A008127F3 /* Exceptions for "GestureRecogNotes" folder in "GestureRecogNotes" target */ = {
			isa = PBXFileSystemSynchronizedBuildFileExceptionSet;
			membershipExceptions = (
				Info.plist,
			);
			target = AB9F2F972CAC5828008127F3 /* GestureRecogNotes */;
		};
/* End PBXFileSystemSynchronizedBuildFileExceptionSet section */

/* Begin PBXFileSystemSynchronizedRootGroup section */
		AB9F2F9A2CAC5828008127F3 /* GestureRecogNotes */ = {
			isa = PBXFileSystemSynchronizedRootGroup;
			exceptions = (
				AB9F2FC32CAC582A008127F3 /* Exceptions for "GestureRecogNotes" folder in "GestureRecogNotes" target */,
			);
			path = GestureRecogNotes;
			sourceTree = "<group>";
		};
		AB9F2FB42CAC582A008127F3 /* GestureRecogNotesTests */ = {
			isa = PBXFileSystemSynchronizedRootGroup;
			path = GestureRecogNotesTests;
			sourceTree = "<group>";
		};
		AB9F2FBE2CAC582A008127F3 /* GestureRecogNotesUITests */ = {
			isa = PBXFileSystemSynchronizedRootGroup;
			path = GestureRecogNotesUITests;
			sourceTree = "<group>";
		};
/* End PBXFileSystemSynchronizedRootGroup section */

/* Begin PBXFrameworksBuildPhase section */
		AB9F2F952CAC5828008127F3 /* Frameworks */ = {
			isa = PBXFrameworksBuildPhase;
			buildActionMask = 2147483647;
			files = (
			);
			runOnlyForDeploymentPostprocessing = 0;
		};
		AB9F2FAE2CAC582A008127F3 /* Frameworks */ = {
			isa = PBXFrameworksBuildPhase;
			buildActionMask = 2147483647;
			files = (
			);
			runOnlyForDeploymentPostprocessing = 0;
		};
		AB9F2FB82CAC582A008127F3 /* Frameworks */ = {
			isa = PBXFrameworksBuildPhase;
			buildActionMask = 2147483647;
			files = (
			);
			runOnlyForDeploymentPostprocessing = 0;
		};
/* End PBXFrameworksBuildPhase section */

/* Begin PBXGroup section */
		AB9F2F8F2CAC5828008127F3 = {
			isa = PBXGroup;
			children = (
				AB9F2F9A2CAC5828008127F3 /* GestureRecogNotes */,
				AB9F2FB42CAC582A008127F3 /* GestureRecogNotesTests */,
				AB9F2FBE2CAC582A008127F3 /* GestureRecogNotesUITests */,
				AB9F2F992CAC5828008127F3 /* Products */,
			);
			sourceTree = "<group>";
		};
		AB9F2F992CAC5828008127F3 /* Products */ = {
			isa = PBXGroup;
			children = (
				AB9F2F982CAC5828008127F3 /* GestureRecogNotes.app */,
				AB9F2FB12CAC582A008127F3 /* GestureRecogNotesTests.xctest */,
				AB9F2FBB2CAC582A008127F3 /* GestureRecogNotesUITests.xctest */,
			);
			name = Products;
			sourceTree = "<group>";
		};
/* End PBXGroup section */

/* Begin PBXNativeTarget section */
		AB9F2F972CAC5828008127F3 /* GestureRecogNotes */ = {
			isa = PBXNativeTarget;
			buildConfigurationList = AB9F2FC42CAC582A008127F3 /* Build configuration list for PBXNativeTarget "GestureRecogNotes" */;
			buildPhases = (
				AB9F2F942CAC5828008127F3 /* Sources */,
				AB9F2F952CAC5828008127F3 /* Frameworks */,
				AB9F2F962CAC5828008127F3 /* Resources */,
			);
			buildRules = (
			);
			dependencies = (
			);
			fileSystemSynchronizedGroups = (
				AB9F2F9A2CAC5828008127F3 /* GestureRecogNotes */,
			);
			name = GestureRecogNotes;
			packageProductDependencies = (
			);
			productName = GestureRecogNotes;
			productReference = AB9F2F982CAC5828008127F3 /* GestureRecogNotes.app */;
			productType = "com.apple.product-type.application";
		};
		AB9F2FB02CAC582A008127F3 /* GestureRecogNotesTests */ = {
			isa = PBXNativeTarget;
			buildConfigurationList = AB9F2FC92CAC582A008127F3 /* Build configuration list for PBXNativeTarget "GestureRecogNotesTests" */;
			buildPhases = (
				AB9F2FAD2CAC582A008127F3 /* Sources */,
				AB9F2FAE2CAC582A008127F3 /* Frameworks */,
				AB9F2FAF2CAC582A008127F3 /* Resources */,
			);
			buildRules = (
			);
			dependencies = (
				AB9F2FB32CAC582A008127F3 /* PBXTargetDependency */,
			);
			fileSystemSynchronizedGroups = (
				AB9F2FB42CAC582A008127F3 /* GestureRecogNotesTests */,
			);
			name = GestureRecogNotesTests;
			packageProductDependencies = (
			);
			productName = GestureRecogNotesTests;
			productReference = AB9F2FB12CAC582A008127F3 /* GestureRecogNotesTests.xctest */;
			productType = "com.apple.product-type.bundle.unit-test";
		};
		AB9F2FBA2CAC582A008127F3 /* GestureRecogNotesUITests */ = {
			isa = PBXNativeTarget;
			buildConfigurationList = AB9F2FCC2CAC582A008127F3 /* Build configuration list for PBXNativeTarget "GestureRecogNotesUITests" */;
			buildPhases = (
				AB9F2FB72CAC582A008127F3 /* Sources */,
				AB9F2FB82CAC582A008127F3 /* Frameworks */,
				AB9F2FB92CAC582A008127F3 /* Resources */,
			);
			buildRules = (
			);
			dependencies = (
				AB9F2FBD2CAC582A008127F3 /* PBXTargetDependency */,
			);
			fileSystemSynchronizedGroups = (
				AB9F2FBE2CAC582A008127F3 /* GestureRecogNotesUITests */,
			);
			name = GestureRecogNotesUITests;
			packageProductDependencies = (
			);
			productName = GestureRecogNotesUITests;
			productReference = AB9F2FBB2CAC582A008127F3 /* GestureRecogNotesUITests.xctest */;
			productType = "com.apple.product-type.bundle.ui-testing";
		};
/* End PBXNativeTarget section */

/* Begin PBXProject section */
		AB9F2F902CAC5828008127F3 /* Project object */ = {
			isa = PBXProject;
			attributes = {
				BuildIndependentTargetsInParallel = 1;
				LastSwiftUpdateCheck = 1600;
				LastUpgradeCheck = 1600;
				TargetAttributes = {
					AB9F2F972CAC5828008127F3 = {
						CreatedOnToolsVersion = 16.0;
					};
					AB9F2FB02CAC582A008127F3 = {
						CreatedOnToolsVersion = 16.0;
						TestTargetID = AB9F2F972CAC5828008127F3;
					};
					AB9F2FBA2CAC582A008127F3 = {
						CreatedOnToolsVersion = 16.0;
						TestTargetID = AB9F2F972CAC5828008127F3;
					};
				};
			};
			buildConfigurationList = AB9F2F932CAC5828008127F3 /* Build configuration list for PBXProject "GestureRecogNotes" */;
			developmentRegion = en;
			hasScannedForEncodings = 0;
			knownRegions = (
				en,
				Base,
			);
			mainGroup = AB9F2F8F2CAC5828008127F3;
			minimizedProjectReferenceProxies = 1;
			preferredProjectObjectVersion = 77;
			productRefGroup = AB9F2F992CAC5828008127F3 /* Products */;
			projectDirPath = "";
			projectRoot = "";
			targets = (
				AB9F2F972CAC5828008127F3 /* GestureRecogNotes */,
				AB9F2FB02CAC582A008127F3 /* GestureRecogNotesTests */,
				AB9F2FBA2CAC582A008127F3 /* GestureRecogNotesUITests */,
			);
		};
/* End PBXProject section */

/* Begin PBXResourcesBuildPhase section */
		AB9F2F962CAC5828008127F3 /* Resources */ = {
			isa = PBXResourcesBuildPhase;
			buildActionMask = 2147483647;
			files = (
			);
			runOnlyForDeploymentPostprocessing = 0;
		};
		AB9F2FAF2CAC582A008127F3 /* Resources */ = {
			isa = PBXResourcesBuildPhase;
			buildActionMask = 2147483647;
			files = (
			);
			runOnlyForDeploymentPostprocessing = 0;
		};
		AB9F2FB92CAC582A008127F3 /* Resources */ = {
			isa = PBXResourcesBuildPhase;
			buildActionMask = 2147483647;
			files = (
			);
			runOnlyForDeploymentPostprocessing = 0;
		};
/* End PBXResourcesBuildPhase section */

/* Begin PBXSourcesBuildPhase section */
		AB9F2F942CAC5828008127F3 /* Sources */ = {
			isa = PBXSourcesBuildPhase;
			buildActionMask = 2147483647;
			files = (
			);
			runOnlyForDeploymentPostprocessing = 0;
		};
		AB9F2FAD2CAC582A008127F3 /* Sources */ = {
			isa = PBXSourcesBuildPhase;
			buildActionMask = 2147483647;
			files = (
			);
			runOnlyForDeploymentPostprocessing = 0;
		};
		AB9F2FB72CAC582A008127F3 /* Sources */ = {
			isa = PBXSourcesBuildPhase;
			buildActionMask = 2147483647;
			files = (
			);
			runOnlyForDeploymentPostprocessing = 0;
		};
/* End PBXSourcesBuildPhase section */

/* Begin PBXTargetDependency section */
		AB9F2FB32CAC582A008127F3 /* PBXTargetDependency */ = {
			isa = PBXTargetDependency;
			target = AB9F2F972CAC5828008127F3 /* GestureRecogNotes */;
			targetProxy = AB9F2FB22CAC582A008127F3 /* PBXContainerItemProxy */;
		};
		AB9F2FBD2CAC582A008127F3 /* PBXTargetDependency */ = {
			isa = PBXTargetDependency;
			target = AB9F2F972CAC5828008127F3 /* GestureRecogNotes */;
			targetProxy = AB9F2FBC2CAC582A008127F3 /* PBXContainerItemProxy */;
		};
/* End PBXTargetDependency section */

/* Begin XCBuildConfiguration section */
		AB9F2FC52CAC582A008127F3 /* Debug */ = {
			isa = XCBuildConfiguration;
			buildSettings = {
				ASSETCATALOG_COMPILER_APPICON_NAME = AppIcon;
				ASSETCATALOG_COMPILER_GLOBAL_ACCENT_COLOR_NAME = AccentColor;
				CODE_SIGN_STYLE = Automatic;
				CURRENT_PROJECT_VERSION = 1;
				DEVELOPMENT_TEAM = QZH5CK49UU;
				GENERATE_INFOPLIST_FILE = YES;
				INFOPLIST_FILE = GestureRecogNotes/Info.plist;
				INFOPLIST_KEY_UIApplicationSupportsIndirectInputEvents = YES;
				INFOPLIST_KEY_UILaunchStoryboardName = LaunchScreen;
				INFOPLIST_KEY_UIMainStoryboardFile = Main;
				INFOPLIST_KEY_UISupportedInterfaceOrientations_iPad = "UIInterfaceOrientationPortrait UIInterfaceOrientationPortraitUpsideDown UIInterfaceOrientationLandscapeLeft UIInterfaceOrientationLandscapeRight";
				INFOPLIST_KEY_UISupportedInterfaceOrientations_iPhone = "UIInterfaceOrientationPortrait UIInterfaceOrientationLandscapeLeft UIInterfaceOrientationLandscapeRight";
				LD_RUNPATH_SEARCH_PATHS = (
					"$(inherited)",
					"@executable_path/Frameworks",
				);
				MARKETING_VERSION = 1.0;
				PRODUCT_BUNDLE_IDENTIFIER = clc.GestureRecogNotes;
				PRODUCT_NAME = "$(TARGET_NAME)";
				SWIFT_EMIT_LOC_STRINGS = YES;
				SWIFT_VERSION = 5.0;
				TARGETED_DEVICE_FAMILY = "1,2";
			};
			name = Debug;
		};
		AB9F2FC62CAC582A008127F3 /* Release */ = {
			isa = XCBuildConfiguration;
			buildSettings = {
				ASSETCATALOG_COMPILER_APPICON_NAME = AppIcon;
				ASSETCATALOG_COMPILER_GLOBAL_ACCENT_COLOR_NAME = AccentColor;
				CODE_SIGN_STYLE = Automatic;
				CURRENT_PROJECT_VERSION = 1;
				DEVELOPMENT_TEAM = QZH5CK49UU;
				GENERATE_INFOPLIST_FILE = YES;
				INFOPLIST_FILE = GestureRecogNotes/Info.plist;
				INFOPLIST_KEY_UIApplicationSupportsIndirectInputEvents = YES;
				INFOPLIST_KEY_UILaunchStoryboardName = LaunchScreen;
				INFOPLIST_KEY_UIMainStoryboardFile = Main;
				INFOPLIST_KEY_UISupportedInterfaceOrientations_iPad = "UIInterfaceOrientationPortrait UIInterfaceOrientationPortraitUpsideDown UIInterfaceOrientationLandscapeLeft UIInterfaceOrientationLandscapeRight";
				INFOPLIST_KEY_UISupportedInterfaceOrientations_iPhone = "UIInterfaceOrientationPortrait UIInterfaceOrientationLandscapeLeft UIInterfaceOrientationLandscapeRight";
				LD_RUNPATH_SEARCH_PATHS = (
					"$(inherited)",
					"@executable_path/Frameworks",
				);
				MARKETING_VERSION = 1.0;
				PRODUCT_BUNDLE_IDENTIFIER = clc.GestureRecogNotes;
				PRODUCT_NAME = "$(TARGET_NAME)";
				SWIFT_EMIT_LOC_STRINGS = YES;
				SWIFT_VERSION = 5.0;
				TARGETED_DEVICE_FAMILY = "1,2";
			};
			name = Release;
		};
		AB9F2FC72CAC582A008127F3 /* Debug */ = {
			isa = XCBuildConfiguration;
			buildSettings = {
				ALWAYS_SEARCH_USER_PATHS = NO;
				ASSETCATALOG_COMPILER_GENERATE_SWIFT_ASSET_SYMBOL_EXTENSIONS = YES;
				CLANG_ANALYZER_NONNULL = YES;
				CLANG_ANALYZER_NUMBER_OBJECT_CONVERSION = YES_AGGRESSIVE;
				CLANG_CXX_LANGUAGE_STANDARD = "gnu++20";
				CLANG_ENABLE_MODULES = YES;
				CLANG_ENABLE_OBJC_ARC = YES;
				CLANG_ENABLE_OBJC_WEAK = YES;
				CLANG_WARN_BLOCK_CAPTURE_AUTORELEASING = YES;
				CLANG_WARN_BOOL_CONVERSION = YES;
				CLANG_WARN_COMMA = YES;
				CLANG_WARN_CONSTANT_CONVERSION = YES;
				CLANG_WARN_DEPRECATED_OBJC_IMPLEMENTATIONS = YES;
				CLANG_WARN_DIRECT_OBJC_ISA_USAGE = YES_ERROR;
				CLANG_WARN_DOCUMENTATION_COMMENTS = YES;
				CLANG_WARN_EMPTY_BODY = YES;
				CLANG_WARN_ENUM_CONVERSION = YES;
				CLANG_WARN_INFINITE_RECURSION = YES;
				CLANG_WARN_INT_CONVERSION = YES;
				CLANG_WARN_NON_LITERAL_NULL_CONVERSION = YES;
				CLANG_WARN_OBJC_IMPLICIT_RETAIN_SELF = YES;
				CLANG_WARN_OBJC_LITERAL_CONVERSION = YES;
				CLANG_WARN_OBJC_ROOT_CLASS = YES_ERROR;
				CLANG_WARN_QUOTED_INCLUDE_IN_FRAMEWORK_HEADER = YES;
				CLANG_WARN_RANGE_LOOP_ANALYSIS = YES;
				CLANG_WARN_STRICT_PROTOTYPES = YES;
				CLANG_WARN_SUSPICIOUS_MOVE = YES;
				CLANG_WARN_UNGUARDED_AVAILABILITY = YES_AGGRESSIVE;
				CLANG_WARN_UNREACHABLE_CODE = YES;
				CLANG_WARN__DUPLICATE_METHOD_MATCH = YES;
				COPY_PHASE_STRIP = NO;
				DEBUG_INFORMATION_FORMAT = dwarf;
				ENABLE_STRICT_OBJC_MSGSEND = YES;
				ENABLE_TESTABILITY = YES;
				ENABLE_USER_SCRIPT_SANDBOXING = YES;
				GCC_C_LANGUAGE_STANDARD = gnu17;
				GCC_DYNAMIC_NO_PIC = NO;
				GCC_NO_COMMON_BLOCKS = YES;
				GCC_OPTIMIZATION_LEVEL = 0;
				GCC_PREPROCESSOR_DEFINITIONS = (
					"DEBUG=1",
					"$(inherited)",
				);
				GCC_WARN_64_TO_32_BIT_CONVERSION = YES;
				GCC_WARN_ABOUT_RETURN_TYPE = YES_ERROR;
				GCC_WARN_UNDECLARED_SELECTOR = YES;
				GCC_WARN_UNINITIALIZED_AUTOS = YES_AGGRESSIVE;
				GCC_WARN_UNUSED_FUNCTION = YES;
				GCC_WARN_UNUSED_VARIABLE = YES;
				IPHONEOS_DEPLOYMENT_TARGET = 18.0;
				LOCALIZATION_PREFERS_STRING_CATALOGS = YES;
				MTL_ENABLE_DEBUG_INFO = INCLUDE_SOURCE;
				MTL_FAST_MATH = YES;
				ONLY_ACTIVE_ARCH = YES;
				SDKROOT = iphoneos;
				SWIFT_ACTIVE_COMPILATION_CONDITIONS = "DEBUG $(inherited)";
				SWIFT_OPTIMIZATION_LEVEL = "-Onone";
			};
			name = Debug;
		};
		AB9F2FC82CAC582A008127F3 /* Release */ = {
			isa = XCBuildConfiguration;
			buildSettings = {
				ALWAYS_SEARCH_USER_PATHS = NO;
				ASSETCATALOG_COMPILER_GENERATE_SWIFT_ASSET_SYMBOL_EXTENSIONS = YES;
				CLANG_ANALYZER_NONNULL = YES;
				CLANG_ANALYZER_NUMBER_OBJECT_CONVERSION = YES_AGGRESSIVE;
				CLANG_CXX_LANGUAGE_STANDARD = "gnu++20";
				CLANG_ENABLE_MODULES = YES;
				CLANG_ENABLE_OBJC_ARC = YES;
				CLANG_ENABLE_OBJC_WEAK = YES;
				CLANG_WARN_BLOCK_CAPTURE_AUTORELEASING = YES;
				CLANG_WARN_BOOL_CONVERSION = YES;
				CLANG_WARN_COMMA = YES;
				CLANG_WARN_CONSTANT_CONVERSION = YES;
				CLANG_WARN_DEPRECATED_OBJC_IMPLEMENTATIONS = YES;
				CLANG_WARN_DIRECT_OBJC_ISA_USAGE = YES_ERROR;
				CLANG_WARN_DOCUMENTATION_COMMENTS = YES;
				CLANG_WARN_EMPTY_BODY = YES;
				CLANG_WARN_ENUM_CONVERSION = YES;
				CLANG_WARN_INFINITE_RECURSION = YES;
				CLANG_WARN_INT_CONVERSION = YES;
				CLANG_WARN_NON_LITERAL_NULL_CONVERSION = YES;
				CLANG_WARN_OBJC_IMPLICIT_RETAIN_SELF = YES;
				CLANG_WARN_OBJC_LITERAL_CONVERSION = YES;
				CLANG_WARN_OBJC_ROOT_CLASS = YES_ERROR;
				CLANG_WARN_QUOTED_INCLUDE_IN_FRAMEWORK_HEADER = YES;
				CLANG_WARN_RANGE_LOOP_ANALYSIS = YES;
				CLANG_WARN_STRICT_PROTOTYPES = YES;
				CLANG_WARN_SUSPICIOUS_MOVE = YES;
				CLANG_WARN_UNGUARDED_AVAILABILITY = YES_AGGRESSIVE;
				CLANG_WARN_UNREACHABLE_CODE = YES;
				CLANG_WARN__DUPLICATE_METHOD_MATCH = YES;
				COPY_PHASE_STRIP = NO;
				DEBUG_INFORMATION_FORMAT = "dwarf-with-dsym";
				ENABLE_NS_ASSERTIONS = NO;
				ENABLE_STRICT_OBJC_MSGSEND = YES;
				ENABLE_USER_SCRIPT_SANDBOXING = YES;
				GCC_C_LANGUAGE_STANDARD = gnu17;
				GCC_NO_COMMON_BLOCKS = YES;
				GCC_WARN_64_TO_32_BIT_CONVERSION = YES;
				GCC_WARN_ABOUT_RETURN_TYPE = YES_ERROR;
				GCC_WARN_UNDECLARED_SELECTOR = YES;
				GCC_WARN_UNINITIALIZED_AUTOS = YES_AGGRESSIVE;
				GCC_WARN_UNUSED_FUNCTION = YES;
				GCC_WARN_UNUSED_VARIABLE = YES;
				IPHONEOS_DEPLOYMENT_TARGET = 18.0;
				LOCALIZATION_PREFERS_STRING_CATALOGS = YES;
				MTL_ENABLE_DEBUG_INFO = NO;
				MTL_FAST_MATH = YES;
				SDKROOT = iphoneos;
				SWIFT_COMPILATION_MODE = wholemodule;
				VALIDATE_PRODUCT = YES;
			};
			name = Release;
		};
		AB9F2FCA2CAC582A008127F3 /* Debug */ = {
			isa = XCBuildConfiguration;
			buildSettings = {
				BUNDLE_LOADER = "$(TEST_HOST)";
				CODE_SIGN_STYLE = Automatic;
				CURRENT_PROJECT_VERSION = 1;
				DEVELOPMENT_TEAM = QZH5CK49UU;
				GENERATE_INFOPLIST_FILE = YES;
				IPHONEOS_DEPLOYMENT_TARGET = 18.0;
				MARKETING_VERSION = 1.0;
				PRODUCT_BUNDLE_IDENTIFIER = clc.GestureRecogNotesTests;
				PRODUCT_NAME = "$(TARGET_NAME)";
				SWIFT_EMIT_LOC_STRINGS = NO;
				SWIFT_VERSION = 5.0;
				TARGETED_DEVICE_FAMILY = "1,2";
				TEST_HOST = "$(BUILT_PRODUCTS_DIR)/GestureRecogNotes.app/$(BUNDLE_EXECUTABLE_FOLDER_PATH)/GestureRecogNotes";
			};
			name = Debug;
		};
		AB9F2FCB2CAC582A008127F3 /* Release */ = {
			isa = XCBuildConfiguration;
			buildSettings = {
				BUNDLE_LOADER = "$(TEST_HOST)";
				CODE_SIGN_STYLE = Automatic;
				CURRENT_PROJECT_VERSION = 1;
				DEVELOPMENT_TEAM = QZH5CK49UU;
				GENERATE_INFOPLIST_FILE = YES;
				IPHONEOS_DEPLOYMENT_TARGET = 18.0;
				MARKETING_VERSION = 1.0;
				PRODUCT_BUNDLE_IDENTIFIER = clc.GestureRecogNotesTests;
				PRODUCT_NAME = "$(TARGET_NAME)";
				SWIFT_EMIT_LOC_STRINGS = NO;
				SWIFT_VERSION = 5.0;
				TARGETED_DEVICE_FAMILY = "1,2";
				TEST_HOST = "$(BUILT_PRODUCTS_DIR)/GestureRecogNotes.app/$(BUNDLE_EXECUTABLE_FOLDER_PATH)/GestureRecogNotes";
			};
			name = Release;
		};
		AB9F2FCD2CAC582A008127F3 /* Debug */ = {
			isa = XCBuildConfiguration;
			buildSettings = {
				CODE_SIGN_STYLE = Automatic;
				CURRENT_PROJECT_VERSION = 1;
				DEVELOPMENT_TEAM = QZH5CK49UU;
				GENERATE_INFOPLIST_FILE = YES;
				MARKETING_VERSION = 1.0;
				PRODUCT_BUNDLE_IDENTIFIER = clc.GestureRecogNotesUITests;
				PRODUCT_NAME = "$(TARGET_NAME)";
				SWIFT_EMIT_LOC_STRINGS = NO;
				SWIFT_VERSION = 5.0;
				TARGETED_DEVICE_FAMILY = "1,2";
				TEST_TARGET_NAME = GestureRecogNotes;
			};
			name = Debug;
		};
		AB9F2FCE2CAC582A008127F3 /* Release */ = {
			isa = XCBuildConfiguration;
			buildSettings = {
				CODE_SIGN_STYLE = Automatic;
				CURRENT_PROJECT_VERSION = 1;
				DEVELOPMENT_TEAM = QZH5CK49UU;
				GENERATE_INFOPLIST_FILE = YES;
				MARKETING_VERSION = 1.0;
				PRODUCT_BUNDLE_IDENTIFIER = clc.GestureRecogNotesUITests;
				PRODUCT_NAME = "$(TARGET_NAME)";
				SWIFT_EMIT_LOC_STRINGS = NO;
				SWIFT_VERSION = 5.0;
				TARGETED_DEVICE_FAMILY = "1,2";
				TEST_TARGET_NAME = GestureRecogNotes;
			};
			name = Release;
		};
/* End XCBuildConfiguration section */

/* Begin XCConfigurationList section */
		AB9F2F932CAC5828008127F3 /* Build configuration list for PBXProject "GestureRecogNotes" */ = {
			isa = XCConfigurationList;
			buildConfigurations = (
				AB9F2FC72CAC582A008127F3 /* Debug */,
				AB9F2FC82CAC582A008127F3 /* Release */,
			);
			defaultConfigurationIsVisible = 0;
			defaultConfigurationName = Release;
		};
		AB9F2FC42CAC582A008127F3 /* Build configuration list for PBXNativeTarget "GestureRecogNotes" */ = {
			isa = XCConfigurationList;
			buildConfigurations = (
				AB9F2FC52CAC582A008127F3 /* Debug */,
				AB9F2FC62CAC582A008127F3 /* Release */,
			);
			defaultConfigurationIsVisible = 0;
			defaultConfigurationName = Release;
		};
		AB9F2FC92CAC582A008127F3 /* Build configuration list for PBXNativeTarget "GestureRecogNotesTests" */ = {
			isa = XCConfigurationList;
			buildConfigurations = (
				AB9F2FCA2CAC582A008127F3 /* Debug */,
				AB9F2FCB2CAC582A008127F3 /* Release */,
			);
			defaultConfigurationIsVisible = 0;
			defaultConfigurationName = Release;
		};
		AB9F2FCC2CAC582A008127F3 /* Build configuration list for PBXNativeTarget "GestureRecogNotesUITests" */ = {
			isa = XCConfigurationList;
			buildConfigurations = (
				AB9F2FCD2CAC582A008127F3 /* Debug */,
				AB9F2FCE2CAC582A008127F3 /* Release */,
			);
			defaultConfigurationIsVisible = 0;
			defaultConfigurationName = Release;
		};
/* End XCConfigurationList section */
	};
	rootObject = AB9F2F902CAC5828008127F3 /* Project object */;
}
